
Microsoft Visual Studio Solution File, Format Version 12.00
# Visual Studio Version 17
VisualStudioVersion = 17.5.33424.131
MinimumVisualStudioVersion = 10.0.40219.1
Project("{FAE04EC0-301F-11D3-BF4B-00C04F79EFBC}") = "RockPaperandScissors", "RockPaperandScissors\RockPaperandScissors.csproj", "{E06D817D-8DC5-4D29-BEC2-C6E777BB73B3}"
EndProject
Global
	GlobalSection(SolutionConfigurationPlatforms) = preSolution
		Debug|Any CPU = Debug|Any CPU
		Release|Any CPU = Release|Any CPU
	EndGlobalSection
	GlobalSection(ProjectConfigurationPlatforms) = postSolution
		{E06D817D-8DC5-4D29-BEC2-C6E777BB73B3}.Debug|Any CPU.ActiveCfg = Debug|Any CPU
		{E06D817D-8DC5-4D29-BEC2-C6E777BB73B3}.Debug|Any CPU.Build.0 = Debug|Any CPU
		{E06D817D-8DC5-4D29-BEC2-C6E777BB73B3}.Release|Any CPU.ActiveCfg = Release|Any CPU
		{E06D817D-8DC5-4D29-BEC2-C6E777BB73B3}.Release|Any CPU.Build.0 = Release|Any CPU
	EndGlobalSection
	GlobalSection(SolutionProperties) = preSolution
		HideSolutionNode = FALSE
	EndGlobalSection
	GlobalSection(ExtensibilityGlobals) = postSolution
		SolutionGuid = {FF5FCD92-724C-41B4-917D-0D85F722DDDF}
	EndGlobalSection
EndGlobal
